{
  "name": "@agentcompose/playground",
  "version": "0.1.0",
  "lockfileVersion": 3,
  "requires": true,
  "packages": {
    "": {
      "name": "@agentcompose/playground",
      "version": "0.1.0",
      "license": "Apache-2.0",
      "dependencies": {
        "@agentcompose/analysis-agent": "file:../analysis-agent",
        "@agentcompose/coding-agent": "file:../coding-agent",
        "@agentcompose/engine": "file:../engine",
        "@agentcompose/research-agent": "file:../research-agent",
        "@agentcompose/sdk": "file:../sdk-typescript"
      },
      "devDependencies": {
        "@types/node": "^22.0.0",
        "typescript": "^5.6.0"
      },
      "engines": {
        "node": ">=22.18"
      }
    },
    "../analysis-agent": {
      "name": "@agentcompose/analysis-agent",
      "version": "0.1.0",
      "license": "Apache-2.0",
      "dependencies": {
        "@agentcompose/sdk": "^0.1.2"
      },
      "devDependencies": {
        "@types/node": "^22.0.0",
        "typescript": "^5.9.0"
      },
      "engines": {
        "node": ">=18.19"
      }
    },
    "../coding-agent": {
      "name": "@agentcompose/coding-agent",
      "version": "0.1.0",
      "license": "Apache-2.0",
      "dependencies": {
        "@agentcompose/sdk": "^0.1.2",
        "@earendil-works/pi-coding-agent": "^0.79.1"
      },
      "devDependencies": {
        "@types/node": "^22.0.0",
        "typescript": "^5.9.0"
      },
      "engines": {
        "node": ">=20"
      }
    },
    "../engine": {
      "name": "@agentcompose/engine",
      "version": "0.1.2",
      "license": "Apache-2.0",
      "dependencies": {
        "@agentcompose/sdk": "^0.1.2"
      },
      "devDependencies": {
        "@types/node": "^22.0.0",
        "typescript": "^5.9.0"
      },
      "engines": {
        "node": ">=18.19"
      }
    },
    "../research-agent": {
      "name": "@agentcompose/research-agent",
      "version": "0.1.0",
      "license": "Apache-2.0",
      "dependencies": {
        "@agentcompose/sdk": "^0.1.2"
      },
      "devDependencies": {
        "@types/node": "^22.0.0",
        "typescript": "^5.9.0"
      },
      "engines": {
        "node": ">=18.19"
      }
    },
    "../sdk-typescript": {
      "name": "@agentcompose/sdk",
      "version": "0.1.2",
      "license": "Apache-2.0",
      "dependencies": {
        "@agentcompose/spec": "^0.1.1",
        "ajv": "^8.17.1",
        "ajv-formats": "^3.0.1"
      },
      "devDependencies": {
        "@types/node": "^22.0.0",
        "typescript": "^5.9.0"
      },
      "engines": {
        "node": ">=18.19"
      }
    },
    "node_modules/@agentcompose/analysis-agent": {
      "resolved": "../analysis-agent",
      "link": true
    },
    "node_modules/@agentcompose/coding-agent": {
      "resolved": "../coding-agent",
      "link": true
    },
    "node_modules/@agentcompose/engine": {
      "resolved": "../engine",
      "link": true
    },
    "node_modules/@agentcompose/research-agent": {
      "resolved": "../research-agent",
      "link": true
    },
    "node_modules/@agentcompose/sdk": {
      "resolved": "../sdk-typescript",
      "link": true
    },
    "node_modules/@types/node": {
      "version": "22.19.21",
      "resolved": "https://registry.npmjs.org/@types/node/-/node-22.19.21.tgz",
      "integrity": "sha512-VMeFBSCKQKmm2swI2kW51SFusDqekC6q9trBCvJ/JliDchFSuoYYKN7yVNjPthP1HKZcx3U1gI/wTcEBjEFKTA==",
      "dev": true,
      "license": "MIT",
      "dependencies": {
        "undici-types": "~6.21.0"
      }
    },
    "node_modules/typescript": {
      "version": "5.9.3",
      "resolved": "https://registry.npmjs.org/typescript/-/typescript-5.9.3.tgz",
      "integrity": "sha512-jl1vZzPDinLr9eUt3J/t7V6FgNEw9QjvBPdysz9KfQDD41fQrC2Y4vKQdiaUpFT4bXlb1RHhLpp8wtm6M5TgSw==",
      "dev": true,
      "license": "Apache-2.0",
      "bin": {
        "tsc": "bin/tsc",
        "tsserver": "bin/tsserver"
      },
      "engines": {
        "node": ">=14.17"
      }
    },
    "node_modules/undici-types": {
      "version": "6.21.0",
      "resolved": "https://registry.npmjs.org/undici-types/-/undici-types-6.21.0.tgz",
      "integrity": "sha512-iwDZqg0QAGrg9Rav5H4n0M64c3mkR59cJ6wQp+7C4nI0gsmExaedaYLNO44eT4AtBBwjbTiGPMlt2Md0T9H9JQ==",
      "dev": true,
      "license": "MIT"
    }
  }
}
